
Microsoft Visual Studio Solution File, Format Version 12.00
# Visual Studio Version 17
VisualStudioVersion = 17.3.32804.467
MinimumVisualStudioVersion = 10.0.40219.1
Project("{FAE04EC0-301F-11D3-BF4B-00C04F79EFBC}") = "tallerVectores10porc", "tallerVectores10porc.csproj", "{B0250A21-B09F-4BDB-BCFA-5B8B66E14505}"
EndProject
Global
	GlobalSection(SolutionConfigurationPlatforms) = preSolution
		Debug|Any CPU = Debug|Any CPU
		Release|Any CPU = Release|Any CPU
	EndGlobalSection
	GlobalSection(ProjectConfigurationPlatforms) = postSolution
		{B0250A21-B09F-4BDB-BCFA-5B8B66E14505}.Debug|Any CPU.ActiveCfg = Debug|Any CPU
		{B0250A21-B09F-4BDB-BCFA-5B8B66E14505}.Debug|Any CPU.Build.0 = Debug|Any CPU
		{B0250A21-B09F-4BDB-BCFA-5B8B66E14505}.Release|Any CPU.ActiveCfg = Release|Any CPU
		{B0250A21-B09F-4BDB-BCFA-5B8B66E14505}.Release|Any CPU.Build.0 = Release|Any CPU
	EndGlobalSection
	GlobalSection(SolutionProperties) = preSolution
		HideSolutionNode = FALSE
	EndGlobalSection
	GlobalSection(ExtensibilityGlobals) = postSolution
		SolutionGuid = {C1CAAD72-CCA7-425B-BC92-22EDD8A68059}
	EndGlobalSection
EndGlobal
